{
  "version": 4,
  "terraform_version": "1.13.3",
  "serial": 5,
  "lineage": "b9bdcdf8-cd4d-9044-0f10-722d44b36c92",
  "outputs": {
    "external_ip": {
      "value": "34.100.230.7",
      "type": "string"
    }
  },
  "resources": [
    {
      "mode": "managed",
      "type": "google_compute_firewall",
      "name": "mediamtx_allow",
      "provider": "provider[\"registry.terraform.io/hashicorp/google\"]",
      "instances": [
        {
          "schema_version": 1,
          "attributes": {
            "allow": [
              {
                "ports": [
                  "8000-8001",
                  "8189",
                  "8890"
                ],
                "protocol": "udp"
              },
              {
                "ports": [
                  "8554",
                  "1935",
                  "8888",
                  "8889",
                  "9997"
                ],
                "protocol": "tcp"
              }
            ],
            "creation_timestamp": "2025-10-09T22:49:49.054-07:00",
            "deny": [],
            "description": "Allow RTSP/RTMP/HLS/WebRTC/API and RTP/RTCP/ICE/SRT for MediaMTX",
            "destination_ranges": [],
            "direction": "INGRESS",
            "disabled": false,
            "enable_logging": null,
            "id": "projects/fsp-api-1/global/firewalls/mediamtx-allow",
            "log_config": [],
            "name": "mediamtx-allow",
            "network": "https://www.googleapis.com/compute/v1/projects/fsp-api-1/global/networks/default",
            "params": [],
            "priority": 1000,
            "project": "fsp-api-1",
            "self_link": "https://www.googleapis.com/compute/v1/projects/fsp-api-1/global/firewalls/mediamtx-allow",
            "source_ranges": [
              "0.0.0.0/0"
            ],
            "source_service_accounts": [],
            "source_tags": [],
            "target_service_accounts": [],
            "target_tags": [
              "mediamtx"
            ],
            "timeouts": null
          },
          "sensitive_attributes": [],
          "identity_schema_version": 0,
          "private": "eyJlMmJmYjczMC1lY2FhLTExZTYtOGY4OC0zNDM2M2JjN2M0YzAiOnsiY3JlYXRlIjoxMjAwMDAwMDAwMDAwLCJkZWxldGUiOjEyMDAwMDAwMDAwMDAsInVwZGF0ZSI6MTIwMDAwMDAwMDAwMH0sInNjaGVtYV92ZXJzaW9uIjoiMSJ9"
        }
      ]
    },
    {
      "mode": "managed",
      "type": "google_compute_instance",
      "name": "mediamtx",
      "provider": "provider[\"registry.terraform.io/hashicorp/google\"]",
      "instances": [
        {
          "schema_version": 6,
          "attributes": {
            "advanced_machine_features": [],
            "allow_stopping_for_update": null,
            "attached_disk": [],
            "boot_disk": [
              {
                "auto_delete": true,
                "device_name": "persistent-disk-0",
                "disk_encryption_key_raw": "",
                "disk_encryption_key_rsa": "",
                "disk_encryption_key_sha256": "",
                "disk_encryption_service_account": "",
                "force_attach": false,
                "guest_os_features": [
                  "VIRTIO_SCSI_MULTIQUEUE",
                  "SEV_CAPABLE",
                  "SEV_SNP_CAPABLE",
                  "SEV_LIVE_MIGRATABLE",
                  "SEV_LIVE_MIGRATABLE_V2",
                  "SNP_SVSM_CAPABLE",
                  "IDPF",
                  "TDX_CAPABLE",
                  "UEFI_COMPATIBLE",
                  "GVNIC"
                ],
                "initialize_params": [
                  {
                    "architecture": "X86_64",
                    "enable_confidential_compute": false,
                    "image": "https://www.googleapis.com/compute/v1/projects/ubuntu-os-cloud/global/images/ubuntu-2404-noble-amd64-v20251001",
                    "labels": {},
                    "provisioned_iops": 0,
                    "provisioned_throughput": 0,
                    "resource_manager_tags": null,
                    "resource_policies": [],
                    "size": 20,
                    "snapshot": "",
                    "source_image_encryption_key": [],
                    "source_snapshot_encryption_key": [],
                    "storage_pool": "",
                    "type": "pd-balanced"
                  }
                ],
                "interface": "",
                "kms_key_self_link": "",
                "mode": "READ_WRITE",
                "source": "https://www.googleapis.com/compute/v1/projects/fsp-api-1/zones/asia-south1-c/disks/mediamtx-relay"
              }
            ],
            "can_ip_forward": false,
            "confidential_instance_config": [],
            "cpu_platform": "Intel Broadwell",
            "creation_timestamp": "2025-10-09T22:50:17.704-07:00",
            "current_status": "RUNNING",
            "deletion_protection": false,
            "description": "",
            "desired_status": null,
            "effective_labels": {
              "goog-terraform-provisioned": "true"
            },
            "enable_display": false,
            "guest_accelerator": [],
            "hostname": "",
            "id": "projects/fsp-api-1/zones/asia-south1-c/instances/mediamtx-relay",
            "instance_encryption_key": [],
            "instance_id": "5171465627617271926",
            "key_revocation_action_type": "",
            "label_fingerprint": "vezUS-42LLM=",
            "labels": null,
            "machine_type": "e2-medium",
            "metadata": null,
            "metadata_fingerprint": "Ib1Fcif_9_w=",
            "metadata_startup_script": "#!/usr/bin/env bash\nset -euo pipefail\n\nPATH_REGEX='^s([0-9]|[1-5][0-9]|6[0-3])$'\n\necho \"[startup] Installing prerequisites...\"\nexport DEBIAN_FRONTEND=noninteractive\napt-get update -y\napt-get install -y docker.io curl\n\nmkdir -p /etc/mediamtx\n\necho \"[startup] Detecting public IP from metadata...\"\nPUBLIC_IP=\"$(curl -sf -H 'Metadata-Flavor: Google' \\\n  http://metadata/computeMetadata/v1/instance/network-interfaces/0/access-configs/0/external-ip || echo 127.0.0.1)\"\n\ncat \u003e/etc/mediamtx/config.yml \u003c\u003cEOF\n# Logging\nlogLevel: info\n\n# RTSP / HLS / RTMP (defaults enabled by the container)\nrtsp: yes\nhls: yes\nrtmp: yes\n\n# WebRTC configuration\nwebrtc: yes\nwebrtcAddress: \":8889\"\nwebrtcEncryption: no\nwebrtcAllowOrigin: \"*\"\nwebrtcLocalUDPAddress: \":8189\"\nwebrtcLocalTCPAddress: \":8189\"\nwebrtcIPsFromInterfaces: no\nwebrtcAdditionalHosts: [\"${PUBLIC_IP}\"]\nwebrtcICEServers2: []\n\n# API configuration\napi: yes\napiAddress: \":9997\"\n\n# Path configuration - allow publishing to s0..s63 by default\npathDefaults:\n  source: publisher\n\npaths:\n  \"~^s([0-9]|[1-5][0-9]|6[0-3])$\": {}\nEOF\n\necho \"[startup] Starting MediaMTX container...\"\ndocker rm -f mediamtx \u003e/dev/null 2\u003e\u00261 || true\ndocker run -d \\\n  --name mediamtx \\\n  --restart unless-stopped \\\n  --network host \\\n  -v /etc/mediamtx/config.yml:/mediamtx.yml:ro \\\n  bluenviron/mediamtx:latest\n\necho \"[startup] Done. Logs: docker logs -f mediamtx\"\n\n",
            "min_cpu_platform": "",
            "name": "mediamtx-relay",
            "network_interface": [
              {
                "access_config": [
                  {
                    "nat_ip": "34.100.230.7",
                    "network_tier": "PREMIUM",
                    "public_ptr_domain_name": ""
                  }
                ],
                "alias_ip_range": [],
                "internal_ipv6_prefix_length": 0,
                "ipv6_access_config": [],
                "ipv6_access_type": "",
                "ipv6_address": "",
                "name": "nic0",
                "network": "https://www.googleapis.com/compute/v1/projects/fsp-api-1/global/networks/default",
                "network_attachment": "",
                "network_ip": "10.160.0.9",
                "nic_type": "",
                "queue_count": 0,
                "stack_type": "IPV4_ONLY",
                "subnetwork": "https://www.googleapis.com/compute/v1/projects/fsp-api-1/regions/asia-south1/subnetworks/default",
                "subnetwork_project": "fsp-api-1"
              }
            ],
            "network_performance_config": [],
            "params": [],
            "project": "fsp-api-1",
            "reservation_affinity": [],
            "resource_policies": null,
            "scheduling": [
              {
                "automatic_restart": true,
                "availability_domain": 0,
                "instance_termination_action": "",
                "local_ssd_recovery_timeout": [],
                "max_run_duration": [],
                "min_node_cpus": 0,
                "node_affinities": [],
                "on_host_maintenance": "MIGRATE",
                "on_instance_stop_action": [],
                "preemptible": false,
                "provisioning_model": "STANDARD",
                "termination_time": ""
              }
            ],
            "scratch_disk": [],
            "self_link": "https://www.googleapis.com/compute/v1/projects/fsp-api-1/zones/asia-south1-c/instances/mediamtx-relay",
            "service_account": [],
            "shielded_instance_config": [
              {
                "enable_integrity_monitoring": true,
                "enable_secure_boot": false,
                "enable_vtpm": true
              }
            ],
            "tags": [
              "mediamtx"
            ],
            "tags_fingerprint": "u3Rk-GzO2F4=",
            "terraform_labels": {
              "goog-terraform-provisioned": "true"
            },
            "timeouts": null,
            "zone": "asia-south1-c"
          },
          "sensitive_attributes": [
            [
              {
                "type": "get_attr",
                "value": "boot_disk"
              },
              {
                "type": "index",
                "value": {
                  "value": 0,
                  "type": "number"
                }
              },
              {
                "type": "get_attr",
                "value": "disk_encryption_key_raw"
              }
            ],
            [
              {
                "type": "get_attr",
                "value": "boot_disk"
              },
              {
                "type": "index",
                "value": {
                  "value": 0,
                  "type": "number"
                }
              },
              {
                "type": "get_attr",
                "value": "disk_encryption_key_rsa"
              }
            ]
          ],
          "identity_schema_version": 0,
          "private": "eyJlMmJmYjczMC1lY2FhLTExZTYtOGY4OC0zNDM2M2JjN2M0YzAiOnsiY3JlYXRlIjoxMjAwMDAwMDAwMDAwLCJkZWxldGUiOjEyMDAwMDAwMDAwMDAsInVwZGF0ZSI6MTIwMDAwMDAwMDAwMH0sInNjaGVtYV92ZXJzaW9uIjoiNiJ9"
        }
      ]
    }
  ],
  "check_results": null
}
